
Microsoft Visual Studio Solution File, Format Version 12.00
# Visual Studio Version 17
VisualStudioVersion = 17.11.35431.28
MinimumVisualStudioVersion = 10.0.40219.1
Project("{8BC9CEB8-8B4A-11D0-8D11-00A0C91BC942}") = "lbyarch_mp2", "lbyarch_mp2.vcxproj", "{9668C39F-F08C-43C7-A261-A6A33924C5CF}"
EndProject
Global
	GlobalSection(SolutionConfigurationPlatforms) = preSolution
		Debug|x64 = Debug|x64
		Debug|x86 = Debug|x86
		Release|x64 = Release|x64
		Release|x86 = Release|x86
	EndGlobalSection
	GlobalSection(ProjectConfigurationPlatforms) = postSolution
		{9668C39F-F08C-43C7-A261-A6A33924C5CF}.Debug|x64.ActiveCfg = Debug|x64
		{9668C39F-F08C-43C7-A261-A6A33924C5CF}.Debug|x64.Build.0 = Debug|x64
		{9668C39F-F08C-43C7-A261-A6A33924C5CF}.Debug|x86.ActiveCfg = Debug|Win32
		{9668C39F-F08C-43C7-A261-A6A33924C5CF}.Debug|x86.Build.0 = Debug|Win32
		{9668C39F-F08C-43C7-A261-A6A33924C5CF}.Release|x64.ActiveCfg = Release|x64
		{9668C39F-F08C-43C7-A261-A6A33924C5CF}.Release|x64.Build.0 = Release|x64
		{9668C39F-F08C-43C7-A261-A6A33924C5CF}.Release|x86.ActiveCfg = Release|Win32
		{9668C39F-F08C-43C7-A261-A6A33924C5CF}.Release|x86.Build.0 = Release|Win32
	EndGlobalSection
	GlobalSection(SolutionProperties) = preSolution
		HideSolutionNode = FALSE
	EndGlobalSection
	GlobalSection(ExtensibilityGlobals) = postSolution
		SolutionGuid = {31B0E1F8-DF6A-457D-BE18-4C2E82930314}
	EndGlobalSection
EndGlobal
